// !$*UTF8*$!
{
	archiveVersion = 1;
	classes = {
	};
	objectVersion = 50;
	objects = {

/* Begin PBXBuildFile section */
		1226A9E6227949A500BA33AA /* main.swift in Sources */ = {isa = PBXBuildFile; fileRef = 1226A9E5227949A500BA33AA /* main.swift */; };
		12AA4C7F228E0C6F00BFE962 /* puppets_with_alpha_hevc.mov in CopyFiles */ = {isa = PBXBuildFile; fileRef = 12AA4C7E228E0C5E00BFE962 /* puppets_with_alpha_hevc.mov */; };
		12AA4C80228E0C6F00BFE962 /* puppets_with_alpha_prores.mov in CopyFiles */ = {isa = PBXBuildFile; fileRef = 12AA4C7D228E0C5E00BFE962 /* puppets_with_alpha_prores.mov */; };
		12AA4C84228E140100BFE962 /* puppets_with_greenbg_hevc.mov in CopyFiles */ = {isa = PBXBuildFile; fileRef = 12AA4C83228E13FA00BFE962 /* puppets_with_greenbg_hevc.mov */; };
/* End PBXBuildFile section */

/* Begin PBXCopyFilesBuildPhase section */
		1226A9E0227949A500BA33AA /* CopyFiles */ = {
			isa = PBXCopyFilesBuildPhase;
			buildActionMask = 12;
			dstPath = "";
			dstSubfolderSpec = 7;
			files = (
				12AA4C84228E140100BFE962 /* puppets_with_greenbg_hevc.mov in CopyFiles */,
				12AA4C7F228E0C6F00BFE962 /* puppets_with_alpha_hevc.mov in CopyFiles */,
				12AA4C80228E0C6F00BFE962 /* puppets_with_alpha_prores.mov in CopyFiles */,
			);
			runOnlyForDeploymentPostprocessing = 0;
		};
/* End PBXCopyFilesBuildPhase section */

/* Begin PBXFileReference section */
		1226A9E2227949A500BA33AA /* HEVC-Videos-With-Alpha-Exports */ = {isa = PBXFileReference; explicitFileType = "compiled.mach-o.executable"; includeInIndex = 0; path = "HEVC-Videos-With-Alpha-Exports"; sourceTree = BUILT_PRODUCTS_DIR; };
		1226A9E5227949A500BA33AA /* main.swift */ = {isa = PBXFileReference; lastKnownFileType = sourcecode.swift; path = main.swift; sourceTree = "<group>"; };
		12AA4C7D228E0C5E00BFE962 /* puppets_with_alpha_prores.mov */ = {isa = PBXFileReference; lastKnownFileType = video.quicktime; path = puppets_with_alpha_prores.mov; sourceTree = "<group>"; };
		12AA4C7E228E0C5E00BFE962 /* puppets_with_alpha_hevc.mov */ = {isa = PBXFileReference; lastKnownFileType = video.quicktime; path = puppets_with_alpha_hevc.mov; sourceTree = "<group>"; };
		12AA4C83228E13FA00BFE962 /* puppets_with_greenbg_hevc.mov */ = {isa = PBXFileReference; lastKnownFileType = video.quicktime; path = puppets_with_greenbg_hevc.mov; sourceTree = "<group>"; };
		82C6555082C6582000000001 /* README.md */ = {isa = PBXFileReference; lastKnownFileType = net.daringfireball.markdown; name = README.md; path = ../README.md; sourceTree = "<group>"; };
		9EF439809EF4943000000001 /* LICENSE.txt */ = {isa = PBXFileReference; includeInIndex = 1; lastKnownFileType = text; path = LICENSE.txt; sourceTree = "<group>"; };
		A1531FA0A152ED4000000001 /* SampleCode.xcconfig */ = {isa = PBXFileReference; lastKnownFileType = text.xcconfig; name = SampleCode.xcconfig; path = ../Configuration/SampleCode.xcconfig; sourceTree = "<group>"; };
/* End PBXFileReference section */

/* Begin PBXFrameworksBuildPhase section */
		1226A9DF227949A500BA33AA /* Frameworks */ = {
			isa = PBXFrameworksBuildPhase;
			buildActionMask = 2147483647;
			files = (
			);
			runOnlyForDeploymentPostprocessing = 0;
		};
/* End PBXFrameworksBuildPhase section */

/* Begin PBXGroup section */
		1226A9D9227949A500BA33AA = {
			isa = PBXGroup;
			children = (
				82C6555082C6582000000001 /* README.md */,
				1226A9E4227949A500BA33AA /* HEVC-Videos-With-Alpha-Exports */,
				1226A9E3227949A500BA33AA /* Products */,
				1226A9F022794BFD00BA33AA /* Resources */,
				A153B2B0A1532AC000000001 /* Configuration */,
				9EF493209EF47C8000000001 /* LICENSE */,
			);
			sourceTree = "<group>";
		};
		1226A9E3227949A500BA33AA /* Products */ = {
			isa = PBXGroup;
			children = (
				1226A9E2227949A500BA33AA /* HEVC-Videos-With-Alpha-Exports */,
			);
			name = Products;
			sourceTree = "<group>";
		};
		1226A9E4227949A500BA33AA /* HEVC-Videos-With-Alpha-Exports */ = {
			isa = PBXGroup;
			children = (
				1226A9E5227949A500BA33AA /* main.swift */,
			);
			path = "HEVC-Videos-With-Alpha-Exports";
			sourceTree = "<group>";
		};
		1226A9F022794BFD00BA33AA /* Resources */ = {
			isa = PBXGroup;
			children = (
				12AA4C83228E13FA00BFE962 /* puppets_with_greenbg_hevc.mov */,
				12AA4C7E228E0C5E00BFE962 /* puppets_with_alpha_hevc.mov */,
				12AA4C7D228E0C5E00BFE962 /* puppets_with_alpha_prores.mov */,
			);
			path = Resources;
			sourceTree = "<group>";
		};
		9EF493209EF47C8000000001 /* LICENSE */ = {
			isa = PBXGroup;
			children = (
				9EF439809EF4943000000001 /* LICENSE.txt */,
			);
			name = LICENSE;
			path = ../LICENSE;
			sourceTree = "<group>";
		};
		A153B2B0A1532AC000000001 /* Configuration */ = {
			isa = PBXGroup;
			children = (
				A1531FA0A152ED4000000001 /* SampleCode.xcconfig */,
			);
			name = Configuration;
			sourceTree = "<group>";
		};
/* End PBXGroup section */

/* Begin PBXNativeTarget section */
		1226A9E1227949A500BA33AA /* HEVC-Videos-With-Alpha-Exports */ = {
			isa = PBXNativeTarget;
			buildConfigurationList = 1226A9E9227949A500BA33AA /* Build configuration list for PBXNativeTarget "HEVC-Videos-With-Alpha-Exports" */;
			buildPhases = (
				1226A9DE227949A500BA33AA /* Sources */,
				1226A9DF227949A500BA33AA /* Frameworks */,
				1226A9E0227949A500BA33AA /* CopyFiles */,
			);
			buildRules = (
			);
			dependencies = (
			);
			name = "HEVC-Videos-With-Alpha-Exports";
			productName = "HEVC-Videos-With-Alpha-Exports";
			productReference = 1226A9E2227949A500BA33AA /* HEVC-Videos-With-Alpha-Exports */;
			productType = "com.apple.product-type.tool";
		};
/* End PBXNativeTarget section */

/* Begin PBXProject section */
		1226A9DA227949A500BA33AA /* Project object */ = {
			isa = PBXProject;
			attributes = {
				LastSwiftUpdateCheck = 1100;
				LastUpgradeCheck = 1100;
				ORGANIZATIONNAME = Apple;
				TargetAttributes = {
					1226A9E1227949A500BA33AA = {
						CreatedOnToolsVersion = 11.0;
					};
				};
			};
			buildConfigurationList = 1226A9DD227949A500BA33AA /* Build configuration list for PBXProject "HEVC-Videos-With-Alpha-Exports" */;
			compatibilityVersion = "Xcode 9.3";
			developmentRegion = en;
			hasScannedForEncodings = 0;
			knownRegions = (
				en,
			);
			mainGroup = 1226A9D9227949A500BA33AA;
			productRefGroup = 1226A9E3227949A500BA33AA /* Products */;
			projectDirPath = "";
			projectRoot = "";
			targets = (
				1226A9E1227949A500BA33AA /* HEVC-Videos-With-Alpha-Exports */,
			);
		};
/* End PBXProject section */

/* Begin PBXSourcesBuildPhase section */
		1226A9DE227949A500BA33AA /* Sources */ = {
			isa = PBXSourcesBuildPhase;
			buildActionMask = 2147483647;
			files = (
				1226A9E6227949A500BA33AA /* main.swift in Sources */,
			);
			runOnlyForDeploymentPostprocessing = 0;
		};
/* End PBXSourcesBuildPhase section */

/* Begin XCBuildConfiguration section */
		1226A9E7227949A500BA33AA /* Debug */ = {
			isa = XCBuildConfiguration;
			baseConfigurationReference = A1531FA0A152ED4000000001 /* SampleCode.xcconfig */;
			buildSettings = {
				ALWAYS_SEARCH_USER_PATHS = NO;
				CLANG_ANALYZER_NONNULL = YES;
				CLANG_ANALYZER_NUMBER_OBJECT_CONVERSION = YES_AGGRESSIVE;
				CLANG_CXX_LANGUAGE_STANDARD = "gnu++14";
				CLANG_CXX_LIBRARY = "libc++";
				CLANG_ENABLE_MODULES = YES;
				CLANG_ENABLE_OBJC_ARC = YES;
				CLANG_ENABLE_OBJC_WEAK = YES;
				CLANG_WARN_BLOCK_CAPTURE_AUTORELEASING = YES;
				CLANG_WARN_BOOL_CONVERSION = YES;
				CLANG_WARN_COMMA = YES;
				CLANG_WARN_CONSTANT_CONVERSION = YES;
				CLANG_WARN_DEPRECATED_OBJC_IMPLEMENTATIONS = YES;
				CLANG_WARN_DIRECT_OBJC_ISA_USAGE = YES_ERROR;
				CLANG_WARN_DOCUMENTATION_COMMENTS = YES;
				CLANG_WARN_EMPTY_BODY = YES;
				CLANG_WARN_ENUM_CONVERSION = YES;
				CLANG_WARN_INFINITE_RECURSION = YES;
				CLANG_WARN_INT_CONVERSION = YES;
				CLANG_WARN_NON_LITERAL_NULL_CONVERSION = YES;
				CLANG_WARN_OBJC_IMPLICIT_RETAIN_SELF = YES;
				CLANG_WARN_OBJC_LITERAL_CONVERSION = YES;
				CLANG_WARN_OBJC_ROOT_CLASS = YES_ERROR;
				CLANG_WARN_RANGE_LOOP_ANALYSIS = YES;
				CLANG_WARN_STRICT_PROTOTYPES = YES;
				CLANG_WARN_SUSPICIOUS_MOVE = YES;
				CLANG_WARN_UNGUARDED_AVAILABILITY = YES_AGGRESSIVE;
				CLANG_WARN_UNREACHABLE_CODE = YES;
				CLANG_WARN__DUPLICATE_METHOD_MATCH = YES;
				CODE_SIGN_IDENTITY = "-";
				COPY_PHASE_STRIP = NO;
				DEBUG_INFORMATION_FORMAT = dwarf;
				ENABLE_STRICT_OBJC_MSGSEND = YES;
				ENABLE_TESTABILITY = YES;
				GCC_C_LANGUAGE_STANDARD = gnu11;
				GCC_DYNAMIC_NO_PIC = NO;
				GCC_NO_COMMON_BLOCKS = YES;
				GCC_OPTIMIZATION_LEVEL = 0;
				GCC_PREPROCESSOR_DEFINITIONS = (
					"DEBUG=1",
					"$(inherited)",
				);
				GCC_WARN_64_TO_32_BIT_CONVERSION = YES;
				GCC_WARN_ABOUT_RETURN_TYPE = YES_ERROR;
				GCC_WARN_UNDECLARED_SELECTOR = YES;
				GCC_WARN_UNINITIALIZED_AUTOS = YES_AGGRESSIVE;
				GCC_WARN_UNUSED_FUNCTION = YES;
				GCC_WARN_UNUSED_VARIABLE = YES;
				MACOSX_DEPLOYMENT_TARGET = 10.15;
				MTL_ENABLE_DEBUG_INFO = INCLUDE_SOURCE;
				MTL_FAST_MATH = YES;
				ONLY_ACTIVE_ARCH = YES;
				SDKROOT = macosx;
				SWIFT_ACTIVE_COMPILATION_CONDITIONS = DEBUG;
				SWIFT_OPTIMIZATION_LEVEL = "-Onone";
			};
			name = Debug;
		};
		1226A9E8227949A500BA33AA /* Release */ = {
			isa = XCBuildConfiguration;
			baseConfigurationReference = A1531FA0A152ED4000000001 /* SampleCode.xcconfig */;
			buildSettings = {
				ALWAYS_SEARCH_USER_PATHS = NO;
				CLANG_ANALYZER_NONNULL = YES;
				CLANG_ANALYZER_NUMBER_OBJECT_CONVERSION = YES_AGGRESSIVE;
				CLANG_CXX_LANGUAGE_STANDARD = "gnu++14";
				CLANG_CXX_LIBRARY = "libc++";
				CLANG_ENABLE_MODULES = YES;
				CLANG_ENABLE_OBJC_ARC = YES;
				CLANG_ENABLE_OBJC_WEAK = YES;
				CLANG_WARN_BLOCK_CAPTURE_AUTORELEASING = YES;
				CLANG_WARN_BOOL_CONVERSION = YES;
				CLANG_WARN_COMMA = YES;
				CLANG_WARN_CONSTANT_CONVERSION = YES;
				CLANG_WARN_DEPRECATED_OBJC_IMPLEMENTATIONS = YES;
				CLANG_WARN_DIRECT_OBJC_ISA_USAGE = YES_ERROR;
				CLANG_WARN_DOCUMENTATION_COMMENTS = YES;
				CLANG_WARN_EMPTY_BODY = YES;
				CLANG_WARN_ENUM_CONVERSION = YES;
				CLANG_WARN_INFINITE_RECURSION = YES;
				CLANG_WARN_INT_CONVERSION = YES;
				CLANG_WARN_NON_LITERAL_NULL_CONVERSION = YES;
				CLANG_WARN_OBJC_IMPLICIT_RETAIN_SELF = YES;
				CLANG_WARN_OBJC_LITERAL_CONVERSION = YES;
				CLANG_WARN_OBJC_ROOT_CLASS = YES_ERROR;
				CLANG_WARN_RANGE_LOOP_ANALYSIS = YES;
				CLANG_WARN_STRICT_PROTOTYPES = YES;
				CLANG_WARN_SUSPICIOUS_MOVE = YES;
				CLANG_WARN_UNGUARDED_AVAILABILITY = YES_AGGRESSIVE;
				CLANG_WARN_UNREACHABLE_CODE = YES;
				CLANG_WARN__DUPLICATE_METHOD_MATCH = YES;
				CODE_SIGN_IDENTITY = "-";
				COPY_PHASE_STRIP = NO;
				DEBUG_INFORMATION_FORMAT = "dwarf-with-dsym";
				ENABLE_NS_ASSERTIONS = NO;
				ENABLE_STRICT_OBJC_MSGSEND = YES;
				GCC_C_LANGUAGE_STANDARD = gnu11;
				GCC_NO_COMMON_BLOCKS = YES;
				GCC_WARN_64_TO_32_BIT_CONVERSION = YES;
				GCC_WARN_ABOUT_RETURN_TYPE = YES_ERROR;
				GCC_WARN_UNDECLARED_SELECTOR = YES;
				GCC_WARN_UNINITIALIZED_AUTOS = YES_AGGRESSIVE;
				GCC_WARN_UNUSED_FUNCTION = YES;
				GCC_WARN_UNUSED_VARIABLE = YES;
				MACOSX_DEPLOYMENT_TARGET = 10.15;
				MTL_ENABLE_DEBUG_INFO = NO;
				MTL_FAST_MATH = YES;
				SDKROOT = macosx;
				SWIFT_COMPILATION_MODE = wholemodule;
				SWIFT_OPTIMIZATION_LEVEL = "-O";
			};
			name = Release;
		};
		1226A9EA227949A500BA33AA /* Debug */ = {
			isa = XCBuildConfiguration;
			baseConfigurationReference = A1531FA0A152ED4000000001 /* SampleCode.xcconfig */;
			buildSettings = {
				CODE_SIGN_IDENTITY = "Mac Developer";
				CODE_SIGN_STYLE = Automatic;
				DEVELOPMENT_TEAM = UDGLB23X37;
				PRODUCT_NAME = "$(TARGET_NAME)";
				PROVISIONING_PROFILE_SPECIFIER = "";
				SWIFT_VERSION = 5.0;
			};
			name = Debug;
		};
		1226A9EB227949A500BA33AA /* Release */ = {
			isa = XCBuildConfiguration;
			baseConfigurationReference = A1531FA0A152ED4000000001 /* SampleCode.xcconfig */;
			buildSettings = {
				CODE_SIGN_IDENTITY = "Mac Developer";
				CODE_SIGN_STYLE = Automatic;
				DEVELOPMENT_TEAM = UDGLB23X37;
				PRODUCT_NAME = "$(TARGET_NAME)";
				PROVISIONING_PROFILE_SPECIFIER = "";
				SWIFT_VERSION = 5.0;
			};
			name = Release;
		};
/* End XCBuildConfiguration section */

/* Begin XCConfigurationList section */
		1226A9DD227949A500BA33AA /* Build configuration list for PBXProject "HEVC-Videos-With-Alpha-Exports" */ = {
			isa = XCConfigurationList;
			buildConfigurations = (
				1226A9E7227949A500BA33AA /* Debug */,
				1226A9E8227949A500BA33AA /* Release */,
			);
			defaultConfigurationIsVisible = 0;
			defaultConfigurationName = Release;
		};
		1226A9E9227949A500BA33AA /* Build configuration list for PBXNativeTarget "HEVC-Videos-With-Alpha-Exports" */ = {
			isa = XCConfigurationList;
			buildConfigurations = (
				1226A9EA227949A500BA33AA /* Debug */,
				1226A9EB227949A500BA33AA /* Release */,
			);
			defaultConfigurationIsVisible = 0;
			defaultConfigurationName = Release;
		};
/* End XCConfigurationList section */
	};
	rootObject = 1226A9DA227949A500BA33AA /* Project object */;
}
