// !$*UTF8*$!
{
	archiveVersion = 1;
	classes = {
	};
	objectVersion = 50;
	objects = {

/* Begin PBXBuildFile section */
		129A5AB02279683400E718E5 /* AppDelegate.swift in Sources */ = {isa = PBXBuildFile; fileRef = 129A5AAF2279683400E718E5 /* AppDelegate.swift */; };
		129A5AB22279683500E718E5 /* Assets.xcassets in Resources */ = {isa = PBXBuildFile; fileRef = 129A5AB12279683500E718E5 /* Assets.xcassets */; };
		129A5AB52279683500E718E5 /* MainMenu.xib in Resources */ = {isa = PBXBuildFile; fileRef = 129A5AB32279683500E718E5 /* MainMenu.xib */; };
		12DFD7AE2293118B00272454 /* lamp_SHADOW.png in Resources */ = {isa = PBXBuildFile; fileRef = 12DFD7A82293118B00272454 /* lamp_SHADOW.png */; };
		12DFD7AF2293118B00272454 /* lamp_NORMAL.png in Resources */ = {isa = PBXBuildFile; fileRef = 12DFD7A92293118B00272454 /* lamp_NORMAL.png */; };
		12DFD7B02293118B00272454 /* lamp_ROUGHNESS.png in Resources */ = {isa = PBXBuildFile; fileRef = 12DFD7AA2293118B00272454 /* lamp_ROUGHNESS.png */; };
		12DFD7B12293118B00272454 /* lamp_METALLIC.png in Resources */ = {isa = PBXBuildFile; fileRef = 12DFD7AB2293118B00272454 /* lamp_METALLIC.png */; };
		12DFD7B22293118B00272454 /* lamp_DIFFUSE.png in Resources */ = {isa = PBXBuildFile; fileRef = 12DFD7AC2293118B00272454 /* lamp_DIFFUSE.png */; };
		12DFD7B32293118B00272454 /* lamp.dae in Resources */ = {isa = PBXBuildFile; fileRef = 12DFD7AD2293118B00272454 /* lamp.dae */; };
/* End PBXBuildFile section */

/* Begin PBXFileReference section */
		129A5AAC2279683400E718E5 /* HEVC-Videos-With-Alpha-AssetWriting.app */ = {isa = PBXFileReference; explicitFileType = wrapper.application; includeInIndex = 0; path = "HEVC-Videos-With-Alpha-AssetWriting.app"; sourceTree = BUILT_PRODUCTS_DIR; };
		129A5AAF2279683400E718E5 /* AppDelegate.swift */ = {isa = PBXFileReference; lastKnownFileType = sourcecode.swift; path = AppDelegate.swift; sourceTree = "<group>"; };
		129A5AB12279683500E718E5 /* Assets.xcassets */ = {isa = PBXFileReference; lastKnownFileType = folder.assetcatalog; path = Assets.xcassets; sourceTree = "<group>"; };
		129A5AB42279683500E718E5 /* Base */ = {isa = PBXFileReference; lastKnownFileType = file.xib; name = Base; path = Base.lproj/MainMenu.xib; sourceTree = "<group>"; };
		129A5AB62279683500E718E5 /* Info.plist */ = {isa = PBXFileReference; lastKnownFileType = text.plist.xml; path = Info.plist; sourceTree = "<group>"; };
		12DFD7A82293118B00272454 /* lamp_SHADOW.png */ = {isa = PBXFileReference; lastKnownFileType = image.png; path = lamp_SHADOW.png; sourceTree = "<group>"; };
		12DFD7A92293118B00272454 /* lamp_NORMAL.png */ = {isa = PBXFileReference; lastKnownFileType = image.png; path = lamp_NORMAL.png; sourceTree = "<group>"; };
		12DFD7AA2293118B00272454 /* lamp_ROUGHNESS.png */ = {isa = PBXFileReference; lastKnownFileType = image.png; path = lamp_ROUGHNESS.png; sourceTree = "<group>"; };
		12DFD7AB2293118B00272454 /* lamp_METALLIC.png */ = {isa = PBXFileReference; lastKnownFileType = image.png; path = lamp_METALLIC.png; sourceTree = "<group>"; };
		12DFD7AC2293118B00272454 /* lamp_DIFFUSE.png */ = {isa = PBXFileReference; lastKnownFileType = image.png; path = lamp_DIFFUSE.png; sourceTree = "<group>"; };
		12DFD7AD2293118B00272454 /* lamp.dae */ = {isa = PBXFileReference; fileEncoding = 4; lastKnownFileType = text.xml.dae; path = lamp.dae; sourceTree = "<group>"; };
		82D2A96082D2E96000000001 /* README.md */ = {isa = PBXFileReference; lastKnownFileType = net.daringfireball.markdown; name = README.md; path = ../README.md; sourceTree = "<group>"; };
		9EF38D609EF3830000000001 /* LICENSE.txt */ = {isa = PBXFileReference; includeInIndex = 1; lastKnownFileType = text; path = LICENSE.txt; sourceTree = "<group>"; };
		A151B1D0A151B4B000000001 /* SampleCode.xcconfig */ = {isa = PBXFileReference; lastKnownFileType = text.xcconfig; name = SampleCode.xcconfig; path = ../Configuration/SampleCode.xcconfig; sourceTree = "<group>"; };
/* End PBXFileReference section */

/* Begin PBXFrameworksBuildPhase section */
		129A5AA92279683400E718E5 /* Frameworks */ = {
			isa = PBXFrameworksBuildPhase;
			buildActionMask = 2147483647;
			files = (
			);
			runOnlyForDeploymentPostprocessing = 0;
		};
/* End PBXFrameworksBuildPhase section */

/* Begin PBXGroup section */
		129A5AA32279683400E718E5 = {
			isa = PBXGroup;
			children = (
				82D2A96082D2E96000000001 /* README.md */,
				129A5AAE2279683400E718E5 /* HEVC-Videos-With-Alpha-AssetWriting */,
				129A5AAD2279683400E718E5 /* Products */,
				129A5ABD227968BD00E718E5 /* Resources */,
				A151E110A151E0D000000001 /* Configuration */,
				9EF387109EF382C000000001 /* LICENSE */,
			);
			sourceTree = "<group>";
		};
		129A5AAD2279683400E718E5 /* Products */ = {
			isa = PBXGroup;
			children = (
				129A5AAC2279683400E718E5 /* HEVC-Videos-With-Alpha-AssetWriting.app */,
			);
			name = Products;
			sourceTree = "<group>";
		};
		129A5AAE2279683400E718E5 /* HEVC-Videos-With-Alpha-AssetWriting */ = {
			isa = PBXGroup;
			children = (
				129A5AAF2279683400E718E5 /* AppDelegate.swift */,
				129A5AB12279683500E718E5 /* Assets.xcassets */,
				129A5AB32279683500E718E5 /* MainMenu.xib */,
				129A5AB62279683500E718E5 /* Info.plist */,
			);
			path = "HEVC-Videos-With-Alpha-AssetWriting";
			sourceTree = "<group>";
		};
		129A5ABD227968BD00E718E5 /* Resources */ = {
			isa = PBXGroup;
			children = (
				12DFD7AC2293118B00272454 /* lamp_DIFFUSE.png */,
				12DFD7AB2293118B00272454 /* lamp_METALLIC.png */,
				12DFD7A92293118B00272454 /* lamp_NORMAL.png */,
				12DFD7AA2293118B00272454 /* lamp_ROUGHNESS.png */,
				12DFD7A82293118B00272454 /* lamp_SHADOW.png */,
				12DFD7AD2293118B00272454 /* lamp.dae */,
			);
			path = Resources;
			sourceTree = "<group>";
		};
		9EF387109EF382C000000001 /* LICENSE */ = {
			isa = PBXGroup;
			children = (
				9EF38D609EF3830000000001 /* LICENSE.txt */,
			);
			name = LICENSE;
			path = ../LICENSE;
			sourceTree = "<group>";
		};
		A151E110A151E0D000000001 /* Configuration */ = {
			isa = PBXGroup;
			children = (
				A151B1D0A151B4B000000001 /* SampleCode.xcconfig */,
			);
			name = Configuration;
			sourceTree = "<group>";
		};
/* End PBXGroup section */

/* Begin PBXNativeTarget section */
		129A5AAB2279683400E718E5 /* HEVC-Videos-With-Alpha-AssetWriting */ = {
			isa = PBXNativeTarget;
			buildConfigurationList = 129A5ABA2279683500E718E5 /* Build configuration list for PBXNativeTarget "HEVC-Videos-With-Alpha-AssetWriting" */;
			buildPhases = (
				129A5AA82279683400E718E5 /* Sources */,
				129A5AA92279683400E718E5 /* Frameworks */,
				129A5AAA2279683400E718E5 /* Resources */,
			);
			buildRules = (
			);
			dependencies = (
			);
			name = "HEVC-Videos-With-Alpha-AssetWriting";
			productName = "HEVC-Videos-With-Alpha-AssetWriting";
			productReference = 129A5AAC2279683400E718E5 /* HEVC-Videos-With-Alpha-AssetWriting.app */;
			productType = "com.apple.product-type.application";
		};
/* End PBXNativeTarget section */

/* Begin PBXProject section */
		129A5AA42279683400E718E5 /* Project object */ = {
			isa = PBXProject;
			attributes = {
				DefaultBuildSystemTypeForWorkspace = Latest;
				LastSwiftUpdateCheck = 1100;
				LastUpgradeCheck = 1100;
				ORGANIZATIONNAME = Apple;
				TargetAttributes = {
					129A5AAB2279683400E718E5 = {
						CreatedOnToolsVersion = 11.0;
					};
				};
			};
			buildConfigurationList = 129A5AA72279683400E718E5 /* Build configuration list for PBXProject "HEVC-Videos-With-Alpha-AssetWriting" */;
			compatibilityVersion = "Xcode 9.3";
			developmentRegion = en;
			hasScannedForEncodings = 0;
			knownRegions = (
				en,
				Base,
			);
			mainGroup = 129A5AA32279683400E718E5;
			productRefGroup = 129A5AAD2279683400E718E5 /* Products */;
			projectDirPath = "";
			projectRoot = "";
			targets = (
				129A5AAB2279683400E718E5 /* HEVC-Videos-With-Alpha-AssetWriting */,
			);
		};
/* End PBXProject section */

/* Begin PBXResourcesBuildPhase section */
		129A5AAA2279683400E718E5 /* Resources */ = {
			isa = PBXResourcesBuildPhase;
			buildActionMask = 2147483647;
			files = (
				12DFD7B32293118B00272454 /* lamp.dae in Resources */,
				12DFD7AF2293118B00272454 /* lamp_NORMAL.png in Resources */,
				12DFD7B12293118B00272454 /* lamp_METALLIC.png in Resources */,
				12DFD7B22293118B00272454 /* lamp_DIFFUSE.png in Resources */,
				12DFD7B02293118B00272454 /* lamp_ROUGHNESS.png in Resources */,
				12DFD7AE2293118B00272454 /* lamp_SHADOW.png in Resources */,
				129A5AB22279683500E718E5 /* Assets.xcassets in Resources */,
				129A5AB52279683500E718E5 /* MainMenu.xib in Resources */,
			);
			runOnlyForDeploymentPostprocessing = 0;
		};
/* End PBXResourcesBuildPhase section */

/* Begin PBXSourcesBuildPhase section */
		129A5AA82279683400E718E5 /* Sources */ = {
			isa = PBXSourcesBuildPhase;
			buildActionMask = 2147483647;
			files = (
				129A5AB02279683400E718E5 /* AppDelegate.swift in Sources */,
			);
			runOnlyForDeploymentPostprocessing = 0;
		};
/* End PBXSourcesBuildPhase section */

/* Begin PBXVariantGroup section */
		129A5AB32279683500E718E5 /* MainMenu.xib */ = {
			isa = PBXVariantGroup;
			children = (
				129A5AB42279683500E718E5 /* Base */,
			);
			name = MainMenu.xib;
			sourceTree = "<group>";
		};
/* End PBXVariantGroup section */

/* Begin XCBuildConfiguration section */
		129A5AB82279683500E718E5 /* Debug */ = {
			isa = XCBuildConfiguration;
			baseConfigurationReference = A151B1D0A151B4B000000001 /* SampleCode.xcconfig */;
			buildSettings = {
				ALWAYS_SEARCH_USER_PATHS = NO;
				CLANG_ANALYZER_NONNULL = YES;
				CLANG_ANALYZER_NUMBER_OBJECT_CONVERSION = YES_AGGRESSIVE;
				CLANG_CXX_LANGUAGE_STANDARD = "gnu++14";
				CLANG_CXX_LIBRARY = "libc++";
				CLANG_ENABLE_MODULES = YES;
				CLANG_ENABLE_OBJC_ARC = YES;
				CLANG_ENABLE_OBJC_WEAK = YES;
				CLANG_WARN_BLOCK_CAPTURE_AUTORELEASING = YES;
				CLANG_WARN_BOOL_CONVERSION = YES;
				CLANG_WARN_COMMA = YES;
				CLANG_WARN_CONSTANT_CONVERSION = YES;
				CLANG_WARN_DEPRECATED_OBJC_IMPLEMENTATIONS = YES;
				CLANG_WARN_DIRECT_OBJC_ISA_USAGE = YES_ERROR;
				CLANG_WARN_DOCUMENTATION_COMMENTS = YES;
				CLANG_WARN_EMPTY_BODY = YES;
				CLANG_WARN_ENUM_CONVERSION = YES;
				CLANG_WARN_INFINITE_RECURSION = YES;
				CLANG_WARN_INT_CONVERSION = YES;
				CLANG_WARN_NON_LITERAL_NULL_CONVERSION = YES;
				CLANG_WARN_OBJC_IMPLICIT_RETAIN_SELF = YES;
				CLANG_WARN_OBJC_LITERAL_CONVERSION = YES;
				CLANG_WARN_OBJC_ROOT_CLASS = YES_ERROR;
				CLANG_WARN_RANGE_LOOP_ANALYSIS = YES;
				CLANG_WARN_STRICT_PROTOTYPES = YES;
				CLANG_WARN_SUSPICIOUS_MOVE = YES;
				CLANG_WARN_UNGUARDED_AVAILABILITY = YES_AGGRESSIVE;
				CLANG_WARN_UNREACHABLE_CODE = YES;
				CLANG_WARN__DUPLICATE_METHOD_MATCH = YES;
				CODE_SIGN_IDENTITY = "-";
				COPY_PHASE_STRIP = NO;
				DEBUG_INFORMATION_FORMAT = dwarf;
				ENABLE_STRICT_OBJC_MSGSEND = YES;
				ENABLE_TESTABILITY = YES;
				GCC_C_LANGUAGE_STANDARD = gnu11;
				GCC_DYNAMIC_NO_PIC = NO;
				GCC_NO_COMMON_BLOCKS = YES;
				GCC_OPTIMIZATION_LEVEL = 0;
				GCC_PREPROCESSOR_DEFINITIONS = (
					"DEBUG=1",
					"$(inherited)",
				);
				GCC_WARN_64_TO_32_BIT_CONVERSION = YES;
				GCC_WARN_ABOUT_RETURN_TYPE = YES_ERROR;
				GCC_WARN_UNDECLARED_SELECTOR = YES;
				GCC_WARN_UNINITIALIZED_AUTOS = YES_AGGRESSIVE;
				GCC_WARN_UNUSED_FUNCTION = YES;
				GCC_WARN_UNUSED_VARIABLE = YES;
				MACOSX_DEPLOYMENT_TARGET = 10.15;
				MTL_ENABLE_DEBUG_INFO = INCLUDE_SOURCE;
				MTL_FAST_MATH = YES;
				ONLY_ACTIVE_ARCH = YES;
				SDKROOT = macosx;
				SWIFT_ACTIVE_COMPILATION_CONDITIONS = DEBUG;
				SWIFT_OPTIMIZATION_LEVEL = "-Onone";
			};
			name = Debug;
		};
		129A5AB92279683500E718E5 /* Release */ = {
			isa = XCBuildConfiguration;
			baseConfigurationReference = A151B1D0A151B4B000000001 /* SampleCode.xcconfig */;
			buildSettings = {
				ALWAYS_SEARCH_USER_PATHS = NO;
				CLANG_ANALYZER_NONNULL = YES;
				CLANG_ANALYZER_NUMBER_OBJECT_CONVERSION = YES_AGGRESSIVE;
				CLANG_CXX_LANGUAGE_STANDARD = "gnu++14";
				CLANG_CXX_LIBRARY = "libc++";
				CLANG_ENABLE_MODULES = YES;
				CLANG_ENABLE_OBJC_ARC = YES;
				CLANG_ENABLE_OBJC_WEAK = YES;
				CLANG_WARN_BLOCK_CAPTURE_AUTORELEASING = YES;
				CLANG_WARN_BOOL_CONVERSION = YES;
				CLANG_WARN_COMMA = YES;
				CLANG_WARN_CONSTANT_CONVERSION = YES;
				CLANG_WARN_DEPRECATED_OBJC_IMPLEMENTATIONS = YES;
				CLANG_WARN_DIRECT_OBJC_ISA_USAGE = YES_ERROR;
				CLANG_WARN_DOCUMENTATION_COMMENTS = YES;
				CLANG_WARN_EMPTY_BODY = YES;
				CLANG_WARN_ENUM_CONVERSION = YES;
				CLANG_WARN_INFINITE_RECURSION = YES;
				CLANG_WARN_INT_CONVERSION = YES;
				CLANG_WARN_NON_LITERAL_NULL_CONVERSION = YES;
				CLANG_WARN_OBJC_IMPLICIT_RETAIN_SELF = YES;
				CLANG_WARN_OBJC_LITERAL_CONVERSION = YES;
				CLANG_WARN_OBJC_ROOT_CLASS = YES_ERROR;
				CLANG_WARN_RANGE_LOOP_ANALYSIS = YES;
				CLANG_WARN_STRICT_PROTOTYPES = YES;
				CLANG_WARN_SUSPICIOUS_MOVE = YES;
				CLANG_WARN_UNGUARDED_AVAILABILITY = YES_AGGRESSIVE;
				CLANG_WARN_UNREACHABLE_CODE = YES;
				CLANG_WARN__DUPLICATE_METHOD_MATCH = YES;
				CODE_SIGN_IDENTITY = "-";
				COPY_PHASE_STRIP = NO;
				DEBUG_INFORMATION_FORMAT = "dwarf-with-dsym";
				ENABLE_NS_ASSERTIONS = NO;
				ENABLE_STRICT_OBJC_MSGSEND = YES;
				GCC_C_LANGUAGE_STANDARD = gnu11;
				GCC_NO_COMMON_BLOCKS = YES;
				GCC_WARN_64_TO_32_BIT_CONVERSION = YES;
				GCC_WARN_ABOUT_RETURN_TYPE = YES_ERROR;
				GCC_WARN_UNDECLARED_SELECTOR = YES;
				GCC_WARN_UNINITIALIZED_AUTOS = YES_AGGRESSIVE;
				GCC_WARN_UNUSED_FUNCTION = YES;
				GCC_WARN_UNUSED_VARIABLE = YES;
				MACOSX_DEPLOYMENT_TARGET = 10.15;
				MTL_ENABLE_DEBUG_INFO = NO;
				MTL_FAST_MATH = YES;
				SDKROOT = macosx;
				SWIFT_COMPILATION_MODE = wholemodule;
				SWIFT_OPTIMIZATION_LEVEL = "-O";
			};
			name = Release;
		};
		129A5ABB2279683500E718E5 /* Debug */ = {
			isa = XCBuildConfiguration;
			baseConfigurationReference = A151B1D0A151B4B000000001 /* SampleCode.xcconfig */;
			buildSettings = {
				ASSETCATALOG_COMPILER_APPICON_NAME = AppIcon;
				CODE_SIGN_IDENTITY = "Mac Developer";
				CODE_SIGN_STYLE = Automatic;
				COMBINE_HIDPI_IMAGES = YES;
				DEVELOPMENT_TEAM = UDGLB23X37;
				INFOPLIST_FILE = "HEVC-Videos-With-Alpha-AssetWriting/Info.plist";
				LD_RUNPATH_SEARCH_PATHS = (
					"$(inherited)",
					"@executable_path/../Frameworks",
				);
				PRODUCT_BUNDLE_IDENTIFIER = "com.example.apple-samplecode.HEVC-Videos-With-Alpha-AssetWriting${SAMPLE_CODE_DISAMBIGUATOR}";
				PRODUCT_NAME = "$(TARGET_NAME)";
				PROVISIONING_PROFILE_SPECIFIER = "";
				SWIFT_VERSION = 5.0;
			};
			name = Debug;
		};
		129A5ABC2279683500E718E5 /* Release */ = {
			isa = XCBuildConfiguration;
			baseConfigurationReference = A151B1D0A151B4B000000001 /* SampleCode.xcconfig */;
			buildSettings = {
				ASSETCATALOG_COMPILER_APPICON_NAME = AppIcon;
				CODE_SIGN_IDENTITY = "Mac Developer";
				CODE_SIGN_STYLE = Automatic;
				COMBINE_HIDPI_IMAGES = YES;
				DEVELOPMENT_TEAM = UDGLB23X37;
				INFOPLIST_FILE = "HEVC-Videos-With-Alpha-AssetWriting/Info.plist";
				LD_RUNPATH_SEARCH_PATHS = (
					"$(inherited)",
					"@executable_path/../Frameworks",
				);
				PRODUCT_BUNDLE_IDENTIFIER = "com.example.apple-samplecode.HEVC-Videos-With-Alpha-AssetWriting${SAMPLE_CODE_DISAMBIGUATOR}";
				PRODUCT_NAME = "$(TARGET_NAME)";
				PROVISIONING_PROFILE_SPECIFIER = "";
				SWIFT_VERSION = 5.0;
			};
			name = Release;
		};
/* End XCBuildConfiguration section */

/* Begin XCConfigurationList section */
		129A5AA72279683400E718E5 /* Build configuration list for PBXProject "HEVC-Videos-With-Alpha-AssetWriting" */ = {
			isa = XCConfigurationList;
			buildConfigurations = (
				129A5AB82279683500E718E5 /* Debug */,
				129A5AB92279683500E718E5 /* Release */,
			);
			defaultConfigurationIsVisible = 0;
			defaultConfigurationName = Release;
		};
		129A5ABA2279683500E718E5 /* Build configuration list for PBXNativeTarget "HEVC-Videos-With-Alpha-AssetWriting" */ = {
			isa = XCConfigurationList;
			buildConfigurations = (
				129A5ABB2279683500E718E5 /* Debug */,
				129A5ABC2279683500E718E5 /* Release */,
			);
			defaultConfigurationIsVisible = 0;
			defaultConfigurationName = Release;
		};
/* End XCConfigurationList section */
	};
	rootObject = 129A5AA42279683400E718E5 /* Project object */;
}
